
Microsoft Visual Studio Solution File, Format Version 12.00
# Visual Studio 14
VisualStudioVersion = 14.0.25420.1
MinimumVisualStudioVersion = 10.0.40219.1
Project("{FAE04EC0-301F-11D3-BF4B-00C04F79EFBC}") = "LetsCook.Droid", "LetsCook\LetsCook.Droid\LetsCook.Droid.csproj", "{953A5506-735E-4885-8724-4CCBCF6B43F1}"
EndProject
Project("{FAE04EC0-301F-11D3-BF4B-00C04F79EFBC}") = "LetsCook.iOS", "LetsCook\LetsCook.iOS\LetsCook.iOS.csproj", "{57057F6E-9475-452E-87E4-FB4255AFD0F1}"
EndProject
Project("{FAE04EC0-301F-11D3-BF4B-00C04F79EFBC}") = "LetsCook.WinPhone", "LetsCook\LetsCook.WinPhone\LetsCook.WinPhone.csproj", "{7E781DA6-AEDF-4C4F-9B35-CBADB41528B3}"
EndProject
Project("{FAE04EC0-301F-11D3-BF4B-00C04F79EFBC}") = "LetsCook.Windows", "LetsCook\LetsCook.Windows\LetsCook.Windows.csproj", "{DB0060BE-2DC1-4CE4-8282-7583833388A4}"
EndProject
Project("{FAE04EC0-301F-11D3-BF4B-00C04F79EFBC}") = "LetsCook", "LetsCook\LetsCook\LetsCook.csproj", "{C3330097-8662-433F-BA10-768B19942D49}"
EndProject
Global
	GlobalSection(SolutionConfigurationPlatforms) = preSolution
		Ad-Hoc|Any CPU = Ad-Hoc|Any CPU
		Ad-Hoc|ARM = Ad-Hoc|ARM
		Ad-Hoc|iPhone = Ad-Hoc|iPhone
		Ad-Hoc|iPhoneSimulator = Ad-Hoc|iPhoneSimulator
		Ad-Hoc|x64 = Ad-Hoc|x64
		Ad-Hoc|x86 = Ad-Hoc|x86
		AppStore|Any CPU = AppStore|Any CPU
		AppStore|ARM = AppStore|ARM
		AppStore|iPhone = AppStore|iPhone
		AppStore|iPhoneSimulator = AppStore|iPhoneSimulator
		AppStore|x64 = AppStore|x64
		AppStore|x86 = AppStore|x86
		Debug|Any CPU = Debug|Any CPU
		Debug|ARM = Debug|ARM
		Debug|iPhone = Debug|iPhone
		Debug|iPhoneSimulator = Debug|iPhoneSimulator
		Debug|x64 = Debug|x64
		Debug|x86 = Debug|x86
		Release|Any CPU = Release|Any CPU
		Release|ARM = Release|ARM
		Release|iPhone = Release|iPhone
		Release|iPhoneSimulator = Release|iPhoneSimulator
		Release|x64 = Release|x64
		Release|x86 = Release|x86
	EndGlobalSection
	GlobalSection(ProjectConfigurationPlatforms) = postSolution
		{953A5506-735E-4885-8724-4CCBCF6B43F1}.Ad-Hoc|Any CPU.ActiveCfg = Release|Any CPU
		{953A5506-735E-4885-8724-4CCBCF6B43F1}.Ad-Hoc|Any CPU.Build.0 = Release|Any CPU
		{953A5506-735E-4885-8724-4CCBCF6B43F1}.Ad-Hoc|Any CPU.Deploy.0 = Release|Any CPU
		{953A5506-735E-4885-8724-4CCBCF6B43F1}.Ad-Hoc|ARM.ActiveCfg = Release|Any CPU
		{953A5506-735E-4885-8724-4CCBCF6B43F1}.Ad-Hoc|ARM.Build.0 = Release|Any CPU
		{953A5506-735E-4885-8724-4CCBCF6B43F1}.Ad-Hoc|ARM.Deploy.0 = Release|Any CPU
		{953A5506-735E-4885-8724-4CCBCF6B43F1}.Ad-Hoc|iPhone.ActiveCfg = Release|Any CPU
		{953A5506-735E-4885-8724-4CCBCF6B43F1}.Ad-Hoc|iPhone.Build.0 = Release|Any CPU
		{953A5506-735E-4885-8724-4CCBCF6B43F1}.Ad-Hoc|iPhone.Deploy.0 = Release|Any CPU
		{953A5506-735E-4885-8724-4CCBCF6B43F1}.Ad-Hoc|iPhoneSimulator.ActiveCfg = Release|Any CPU
		{953A5506-735E-4885-8724-4CCBCF6B43F1}.Ad-Hoc|iPhoneSimulator.Build.0 = Release|Any CPU
		{953A5506-735E-4885-8724-4CCBCF6B43F1}.Ad-Hoc|iPhoneSimulator.Deploy.0 = Release|Any CPU
		{953A5506-735E-4885-8724-4CCBCF6B43F1}.Ad-Hoc|x64.ActiveCfg = Release|Any CPU
		{953A5506-735E-4885-8724-4CCBCF6B43F1}.Ad-Hoc|x64.Build.0 = Release|Any CPU
		{953A5506-735E-4885-8724-4CCBCF6B43F1}.Ad-Hoc|x64.Deploy.0 = Release|Any CPU
		{953A5506-735E-4885-8724-4CCBCF6B43F1}.Ad-Hoc|x86.ActiveCfg = Release|Any CPU
		{953A5506-735E-4885-8724-4CCBCF6B43F1}.Ad-Hoc|x86.Build.0 = Release|Any CPU
		{953A5506-735E-4885-8724-4CCBCF6B43F1}.Ad-Hoc|x86.Deploy.0 = Release|Any CPU
		{953A5506-735E-4885-8724-4CCBCF6B43F1}.AppStore|Any CPU.ActiveCfg = Release|Any CPU
		{953A5506-735E-4885-8724-4CCBCF6B43F1}.AppStore|Any CPU.Build.0 = Release|Any CPU
		{953A5506-735E-4885-8724-4CCBCF6B43F1}.AppStore|Any CPU.Deploy.0 = Release|Any CPU
		{953A5506-735E-4885-8724-4CCBCF6B43F1}.AppStore|ARM.ActiveCfg = Release|Any CPU
		{953A5506-735E-4885-8724-4CCBCF6B43F1}.AppStore|ARM.Build.0 = Release|Any CPU
		{953A5506-735E-4885-8724-4CCBCF6B43F1}.AppStore|ARM.Deploy.0 = Release|Any CPU
		{953A5506-735E-4885-8724-4CCBCF6B43F1}.AppStore|iPhone.ActiveCfg = Release|Any CPU
		{953A5506-735E-4885-8724-4CCBCF6B43F1}.AppStore|iPhone.Build.0 = Release|Any CPU
		{953A5506-735E-4885-8724-4CCBCF6B43F1}.AppStore|iPhone.Deploy.0 = Release|Any CPU
		{953A5506-735E-4885-8724-4CCBCF6B43F1}.AppStore|iPhoneSimulator.ActiveCfg = Release|Any CPU
		{953A5506-735E-4885-8724-4CCBCF6B43F1}.AppStore|iPhoneSimulator.Build.0 = Release|Any CPU
		{953A5506-735E-4885-8724-4CCBCF6B43F1}.AppStore|iPhoneSimulator.Deploy.0 = Release|Any CPU
		{953A5506-735E-4885-8724-4CCBCF6B43F1}.AppStore|x64.ActiveCfg = Release|Any CPU
		{953A5506-735E-4885-8724-4CCBCF6B43F1}.AppStore|x64.Build.0 = Release|Any CPU
		{953A5506-735E-4885-8724-4CCBCF6B43F1}.AppStore|x64.Deploy.0 = Release|Any CPU
		{953A5506-735E-4885-8724-4CCBCF6B43F1}.AppStore|x86.ActiveCfg = Release|Any CPU
		{953A5506-735E-4885-8724-4CCBCF6B43F1}.AppStore|x86.Build.0 = Release|Any CPU
		{953A5506-735E-4885-8724-4CCBCF6B43F1}.AppStore|x86.Deploy.0 = Release|Any CPU
		{953A5506-735E-4885-8724-4CCBCF6B43F1}.Debug|Any CPU.ActiveCfg = Debug|Any CPU
		{953A5506-735E-4885-8724-4CCBCF6B43F1}.Debug|Any CPU.Build.0 = Debug|Any CPU
		{953A5506-735E-4885-8724-4CCBCF6B43F1}.Debug|Any CPU.Deploy.0 = Debug|Any CPU
		{953A5506-735E-4885-8724-4CCBCF6B43F1}.Debug|ARM.ActiveCfg = Debug|Any CPU
		{953A5506-735E-4885-8724-4CCBCF6B43F1}.Debug|ARM.Build.0 = Debug|Any CPU
		{953A5506-735E-4885-8724-4CCBCF6B43F1}.Debug|ARM.Deploy.0 = Debug|Any CPU
		{953A5506-735E-4885-8724-4CCBCF6B43F1}.Debug|iPhone.ActiveCfg = Debug|Any CPU
		{953A5506-735E-4885-8724-4CCBCF6B43F1}.Debug|iPhone.Build.0 = Debug|Any CPU
		{953A5506-735E-4885-8724-4CCBCF6B43F1}.Debug|iPhone.Deploy.0 = Debug|Any CPU
		{953A5506-735E-4885-8724-4CCBCF6B43F1}.Debug|iPhoneSimulator.ActiveCfg = Debug|Any CPU
		{953A5506-735E-4885-8724-4CCBCF6B43F1}.Debug|iPhoneSimulator.Build.0 = Debug|Any CPU
		{953A5506-735E-4885-8724-4CCBCF6B43F1}.Debug|iPhoneSimulator.Deploy.0 = Debug|Any CPU
		{953A5506-735E-4885-8724-4CCBCF6B43F1}.Debug|x64.ActiveCfg = Debug|Any CPU
		{953A5506-735E-4885-8724-4CCBCF6B43F1}.Debug|x64.Build.0 = Debug|Any CPU
		{953A5506-735E-4885-8724-4CCBCF6B43F1}.Debug|x64.Deploy.0 = Debug|Any CPU
		{953A5506-735E-4885-8724-4CCBCF6B43F1}.Debug|x86.ActiveCfg = Debug|Any CPU
		{953A5506-735E-4885-8724-4CCBCF6B43F1}.Debug|x86.Build.0 = Debug|Any CPU
		{953A5506-735E-4885-8724-4CCBCF6B43F1}.Debug|x86.Deploy.0 = Debug|Any CPU
		{953A5506-735E-4885-8724-4CCBCF6B43F1}.Release|Any CPU.ActiveCfg = Release|Any CPU
		{953A5506-735E-4885-8724-4CCBCF6B43F1}.Release|Any CPU.Build.0 = Release|Any CPU
		{953A5506-735E-4885-8724-4CCBCF6B43F1}.Release|Any CPU.Deploy.0 = Release|Any CPU
		{953A5506-735E-4885-8724-4CCBCF6B43F1}.Release|ARM.ActiveCfg = Release|Any CPU
		{953A5506-735E-4885-8724-4CCBCF6B43F1}.Release|ARM.Build.0 = Release|Any CPU
		{953A5506-735E-4885-8724-4CCBCF6B43F1}.Release|ARM.Deploy.0 = Release|Any CPU
		{953A5506-735E-4885-8724-4CCBCF6B43F1}.Release|iPhone.ActiveCfg = Release|Any CPU
		{953A5506-735E-4885-8724-4CCBCF6B43F1}.Release|iPhone.Build.0 = Release|Any CPU
		{953A5506-735E-4885-8724-4CCBCF6B43F1}.Release|iPhone.Deploy.0 = Release|Any CPU
		{953A5506-735E-4885-8724-4CCBCF6B43F1}.Release|iPhoneSimulator.ActiveCfg = Release|Any CPU
		{953A5506-735E-4885-8724-4CCBCF6B43F1}.Release|iPhoneSimulator.Build.0 = Release|Any CPU
		{953A5506-735E-4885-8724-4CCBCF6B43F1}.Release|iPhoneSimulator.Deploy.0 = Release|Any CPU
		{953A5506-735E-4885-8724-4CCBCF6B43F1}.Release|x64.ActiveCfg = Release|Any CPU
		{953A5506-735E-4885-8724-4CCBCF6B43F1}.Release|x64.Build.0 = Release|Any CPU
		{953A5506-735E-4885-8724-4CCBCF6B43F1}.Release|x64.Deploy.0 = Release|Any CPU
		{953A5506-735E-4885-8724-4CCBCF6B43F1}.Release|x86.ActiveCfg = Release|Any CPU
		{953A5506-735E-4885-8724-4CCBCF6B43F1}.Release|x86.Build.0 = Release|Any CPU
		{953A5506-735E-4885-8724-4CCBCF6B43F1}.Release|x86.Deploy.0 = Release|Any CPU
		{57057F6E-9475-452E-87E4-FB4255AFD0F1}.Ad-Hoc|Any CPU.ActiveCfg = Ad-Hoc|iPhone
		{57057F6E-9475-452E-87E4-FB4255AFD0F1}.Ad-Hoc|ARM.ActiveCfg = Ad-Hoc|iPhone
		{57057F6E-9475-452E-87E4-FB4255AFD0F1}.Ad-Hoc|iPhone.ActiveCfg = Ad-Hoc|iPhone
		{57057F6E-9475-452E-87E4-FB4255AFD0F1}.Ad-Hoc|iPhone.Build.0 = Ad-Hoc|iPhone
		{57057F6E-9475-452E-87E4-FB4255AFD0F1}.Ad-Hoc|iPhoneSimulator.ActiveCfg = Ad-Hoc|iPhoneSimulator
		{57057F6E-9475-452E-87E4-FB4255AFD0F1}.Ad-Hoc|iPhoneSimulator.Build.0 = Ad-Hoc|iPhoneSimulator
		{57057F6E-9475-452E-87E4-FB4255AFD0F1}.Ad-Hoc|x64.ActiveCfg = Ad-Hoc|iPhone
		{57057F6E-9475-452E-87E4-FB4255AFD0F1}.Ad-Hoc|x86.ActiveCfg = Ad-Hoc|iPhone
		{57057F6E-9475-452E-87E4-FB4255AFD0F1}.AppStore|Any CPU.ActiveCfg = AppStore|iPhone
		{57057F6E-9475-452E-87E4-FB4255AFD0F1}.AppStore|ARM.ActiveCfg = AppStore|iPhone
		{57057F6E-9475-452E-87E4-FB4255AFD0F1}.AppStore|iPhone.ActiveCfg = AppStore|iPhone
		{57057F6E-9475-452E-87E4-FB4255AFD0F1}.AppStore|iPhone.Build.0 = AppStore|iPhone
		{57057F6E-9475-452E-87E4-FB4255AFD0F1}.AppStore|iPhoneSimulator.ActiveCfg = AppStore|iPhoneSimulator
		{57057F6E-9475-452E-87E4-FB4255AFD0F1}.AppStore|iPhoneSimulator.Build.0 = AppStore|iPhoneSimulator
		{57057F6E-9475-452E-87E4-FB4255AFD0F1}.AppStore|x64.ActiveCfg = AppStore|iPhone
		{57057F6E-9475-452E-87E4-FB4255AFD0F1}.AppStore|x86.ActiveCfg = AppStore|iPhone
		{57057F6E-9475-452E-87E4-FB4255AFD0F1}.Debug|Any CPU.ActiveCfg = Debug|iPhone
		{57057F6E-9475-452E-87E4-FB4255AFD0F1}.Debug|ARM.ActiveCfg = Debug|iPhone
		{57057F6E-9475-452E-87E4-FB4255AFD0F1}.Debug|iPhone.ActiveCfg = Debug|iPhone
		{57057F6E-9475-452E-87E4-FB4255AFD0F1}.Debug|iPhone.Build.0 = Debug|iPhone
		{57057F6E-9475-452E-87E4-FB4255AFD0F1}.Debug|iPhoneSimulator.ActiveCfg = Debug|iPhoneSimulator
		{57057F6E-9475-452E-87E4-FB4255AFD0F1}.Debug|iPhoneSimulator.Build.0 = Debug|iPhoneSimulator
		{57057F6E-9475-452E-87E4-FB4255AFD0F1}.Debug|x64.ActiveCfg = Debug|iPhone
		{57057F6E-9475-452E-87E4-FB4255AFD0F1}.Debug|x86.ActiveCfg = Debug|iPhone
		{57057F6E-9475-452E-87E4-FB4255AFD0F1}.Release|Any CPU.ActiveCfg = Release|iPhone
		{57057F6E-9475-452E-87E4-FB4255AFD0F1}.Release|ARM.ActiveCfg = Release|iPhone
		{57057F6E-9475-452E-87E4-FB4255AFD0F1}.Release|iPhone.ActiveCfg = Release|iPhone
		{57057F6E-9475-452E-87E4-FB4255AFD0F1}.Release|iPhone.Build.0 = Release|iPhone
		{57057F6E-9475-452E-87E4-FB4255AFD0F1}.Release|iPhoneSimulator.ActiveCfg = Release|iPhoneSimulator
		{57057F6E-9475-452E-87E4-FB4255AFD0F1}.Release|iPhoneSimulator.Build.0 = Release|iPhoneSimulator
		{57057F6E-9475-452E-87E4-FB4255AFD0F1}.Release|x64.ActiveCfg = Release|iPhone
		{57057F6E-9475-452E-87E4-FB4255AFD0F1}.Release|x86.ActiveCfg = Release|iPhone
		{7E781DA6-AEDF-4C4F-9B35-CBADB41528B3}.Ad-Hoc|Any CPU.ActiveCfg = Release|Any CPU
		{7E781DA6-AEDF-4C4F-9B35-CBADB41528B3}.Ad-Hoc|Any CPU.Build.0 = Release|Any CPU
		{7E781DA6-AEDF-4C4F-9B35-CBADB41528B3}.Ad-Hoc|Any CPU.Deploy.0 = Release|Any CPU
		{7E781DA6-AEDF-4C4F-9B35-CBADB41528B3}.Ad-Hoc|ARM.ActiveCfg = Release|ARM
		{7E781DA6-AEDF-4C4F-9B35-CBADB41528B3}.Ad-Hoc|ARM.Build.0 = Release|ARM
		{7E781DA6-AEDF-4C4F-9B35-CBADB41528B3}.Ad-Hoc|ARM.Deploy.0 = Release|ARM
		{7E781DA6-AEDF-4C4F-9B35-CBADB41528B3}.Ad-Hoc|iPhone.ActiveCfg = Release|Any CPU
		{7E781DA6-AEDF-4C4F-9B35-CBADB41528B3}.Ad-Hoc|iPhone.Build.0 = Release|Any CPU
		{7E781DA6-AEDF-4C4F-9B35-CBADB41528B3}.Ad-Hoc|iPhone.Deploy.0 = Release|Any CPU
		{7E781DA6-AEDF-4C4F-9B35-CBADB41528B3}.Ad-Hoc|iPhoneSimulator.ActiveCfg = Release|Any CPU
		{7E781DA6-AEDF-4C4F-9B35-CBADB41528B3}.Ad-Hoc|iPhoneSimulator.Build.0 = Release|Any CPU
		{7E781DA6-AEDF-4C4F-9B35-CBADB41528B3}.Ad-Hoc|iPhoneSimulator.Deploy.0 = Release|Any CPU
		{7E781DA6-AEDF-4C4F-9B35-CBADB41528B3}.Ad-Hoc|x64.ActiveCfg = Release|Any CPU
		{7E781DA6-AEDF-4C4F-9B35-CBADB41528B3}.Ad-Hoc|x64.Build.0 = Release|Any CPU
		{7E781DA6-AEDF-4C4F-9B35-CBADB41528B3}.Ad-Hoc|x64.Deploy.0 = Release|Any CPU
		{7E781DA6-AEDF-4C4F-9B35-CBADB41528B3}.Ad-Hoc|x86.ActiveCfg = Release|x86
		{7E781DA6-AEDF-4C4F-9B35-CBADB41528B3}.Ad-Hoc|x86.Build.0 = Release|x86
		{7E781DA6-AEDF-4C4F-9B35-CBADB41528B3}.Ad-Hoc|x86.Deploy.0 = Release|x86
		{7E781DA6-AEDF-4C4F-9B35-CBADB41528B3}.AppStore|Any CPU.ActiveCfg = Release|Any CPU
		{7E781DA6-AEDF-4C4F-9B35-CBADB41528B3}.AppStore|Any CPU.Build.0 = Release|Any CPU
		{7E781DA6-AEDF-4C4F-9B35-CBADB41528B3}.AppStore|Any CPU.Deploy.0 = Release|Any CPU
		{7E781DA6-AEDF-4C4F-9B35-CBADB41528B3}.AppStore|ARM.ActiveCfg = Release|ARM
		{7E781DA6-AEDF-4C4F-9B35-CBADB41528B3}.AppStore|ARM.Build.0 = Release|ARM
		{7E781DA6-AEDF-4C4F-9B35-CBADB41528B3}.AppStore|ARM.Deploy.0 = Release|ARM
		{7E781DA6-AEDF-4C4F-9B35-CBADB41528B3}.AppStore|iPhone.ActiveCfg = Release|Any CPU
		{7E781DA6-AEDF-4C4F-9B35-CBADB41528B3}.AppStore|iPhone.Build.0 = Release|Any CPU
		{7E781DA6-AEDF-4C4F-9B35-CBADB41528B3}.AppStore|iPhone.Deploy.0 = Release|Any CPU
		{7E781DA6-AEDF-4C4F-9B35-CBADB41528B3}.AppStore|iPhoneSimulator.ActiveCfg = Release|Any CPU
		{7E781DA6-AEDF-4C4F-9B35-CBADB41528B3}.AppStore|iPhoneSimulator.Build.0 = Release|Any CPU
		{7E781DA6-AEDF-4C4F-9B35-CBADB41528B3}.AppStore|iPhoneSimulator.Deploy.0 = Release|Any CPU
		{7E781DA6-AEDF-4C4F-9B35-CBADB41528B3}.AppStore|x64.ActiveCfg = Release|Any CPU
		{7E781DA6-AEDF-4C4F-9B35-CBADB41528B3}.AppStore|x64.Build.0 = Release|Any CPU
		{7E781DA6-AEDF-4C4F-9B35-CBADB41528B3}.AppStore|x64.Deploy.0 = Release|Any CPU
		{7E781DA6-AEDF-4C4F-9B35-CBADB41528B3}.AppStore|x86.ActiveCfg = Release|x86
		{7E781DA6-AEDF-4C4F-9B35-CBADB41528B3}.AppStore|x86.Build.0 = Release|x86
		{7E781DA6-AEDF-4C4F-9B35-CBADB41528B3}.AppStore|x86.Deploy.0 = Release|x86
		{7E781DA6-AEDF-4C4F-9B35-CBADB41528B3}.Debug|Any CPU.ActiveCfg = Debug|Any CPU
		{7E781DA6-AEDF-4C4F-9B35-CBADB41528B3}.Debug|Any CPU.Build.0 = Debug|Any CPU
		{7E781DA6-AEDF-4C4F-9B35-CBADB41528B3}.Debug|Any CPU.Deploy.0 = Debug|Any CPU
		{7E781DA6-AEDF-4C4F-9B35-CBADB41528B3}.Debug|ARM.ActiveCfg = Debug|ARM
		{7E781DA6-AEDF-4C4F-9B35-CBADB41528B3}.Debug|ARM.Build.0 = Debug|ARM
		{7E781DA6-AEDF-4C4F-9B35-CBADB41528B3}.Debug|ARM.Deploy.0 = Debug|ARM
		{7E781DA6-AEDF-4C4F-9B35-CBADB41528B3}.Debug|iPhone.ActiveCfg = Debug|Any CPU
		{7E781DA6-AEDF-4C4F-9B35-CBADB41528B3}.Debug|iPhone.Build.0 = Debug|Any CPU
		{7E781DA6-AEDF-4C4F-9B35-CBADB41528B3}.Debug|iPhone.Deploy.0 = Debug|Any CPU
		{7E781DA6-AEDF-4C4F-9B35-CBADB41528B3}.Debug|iPhoneSimulator.ActiveCfg = Debug|Any CPU
		{7E781DA6-AEDF-4C4F-9B35-CBADB41528B3}.Debug|iPhoneSimulator.Build.0 = Debug|Any CPU
		{7E781DA6-AEDF-4C4F-9B35-CBADB41528B3}.Debug|iPhoneSimulator.Deploy.0 = Debug|Any CPU
		{7E781DA6-AEDF-4C4F-9B35-CBADB41528B3}.Debug|x64.ActiveCfg = Debug|Any CPU
		{7E781DA6-AEDF-4C4F-9B35-CBADB41528B3}.Debug|x64.Build.0 = Debug|Any CPU
		{7E781DA6-AEDF-4C4F-9B35-CBADB41528B3}.Debug|x64.Deploy.0 = Debug|Any CPU
		{7E781DA6-AEDF-4C4F-9B35-CBADB41528B3}.Debug|x86.ActiveCfg = Debug|x86
		{7E781DA6-AEDF-4C4F-9B35-CBADB41528B3}.Debug|x86.Build.0 = Debug|x86
		{7E781DA6-AEDF-4C4F-9B35-CBADB41528B3}.Debug|x86.Deploy.0 = Debug|x86
		{7E781DA6-AEDF-4C4F-9B35-CBADB41528B3}.Release|Any CPU.ActiveCfg = Release|Any CPU
		{7E781DA6-AEDF-4C4F-9B35-CBADB41528B3}.Release|Any CPU.Build.0 = Release|Any CPU
		{7E781DA6-AEDF-4C4F-9B35-CBADB41528B3}.Release|Any CPU.Deploy.0 = Release|Any CPU
		{7E781DA6-AEDF-4C4F-9B35-CBADB41528B3}.Release|ARM.ActiveCfg = Release|ARM
		{7E781DA6-AEDF-4C4F-9B35-CBADB41528B3}.Release|ARM.Build.0 = Release|ARM
		{7E781DA6-AEDF-4C4F-9B35-CBADB41528B3}.Release|ARM.Deploy.0 = Release|ARM
		{7E781DA6-AEDF-4C4F-9B35-CBADB41528B3}.Release|iPhone.ActiveCfg = Release|Any CPU
		{7E781DA6-AEDF-4C4F-9B35-CBADB41528B3}.Release|iPhone.Build.0 = Release|Any CPU
		{7E781DA6-AEDF-4C4F-9B35-CBADB41528B3}.Release|iPhone.Deploy.0 = Release|Any CPU
		{7E781DA6-AEDF-4C4F-9B35-CBADB41528B3}.Release|iPhoneSimulator.ActiveCfg = Release|Any CPU
		{7E781DA6-AEDF-4C4F-9B35-CBADB41528B3}.Release|iPhoneSimulator.Build.0 = Release|Any CPU
		{7E781DA6-AEDF-4C4F-9B35-CBADB41528B3}.Release|iPhoneSimulator.Deploy.0 = Release|Any CPU
		{7E781DA6-AEDF-4C4F-9B35-CBADB41528B3}.Release|x64.ActiveCfg = Release|Any CPU
		{7E781DA6-AEDF-4C4F-9B35-CBADB41528B3}.Release|x64.Build.0 = Release|Any CPU
		{7E781DA6-AEDF-4C4F-9B35-CBADB41528B3}.Release|x64.Deploy.0 = Release|Any CPU
		{7E781DA6-AEDF-4C4F-9B35-CBADB41528B3}.Release|x86.ActiveCfg = Release|x86
		{7E781DA6-AEDF-4C4F-9B35-CBADB41528B3}.Release|x86.Build.0 = Release|x86
		{7E781DA6-AEDF-4C4F-9B35-CBADB41528B3}.Release|x86.Deploy.0 = Release|x86
		{DB0060BE-2DC1-4CE4-8282-7583833388A4}.Ad-Hoc|Any CPU.ActiveCfg = Release|Any CPU
		{DB0060BE-2DC1-4CE4-8282-7583833388A4}.Ad-Hoc|Any CPU.Build.0 = Release|Any CPU
		{DB0060BE-2DC1-4CE4-8282-7583833388A4}.Ad-Hoc|Any CPU.Deploy.0 = Release|Any CPU
		{DB0060BE-2DC1-4CE4-8282-7583833388A4}.Ad-Hoc|ARM.ActiveCfg = Release|ARM
		{DB0060BE-2DC1-4CE4-8282-7583833388A4}.Ad-Hoc|ARM.Build.0 = Release|ARM
		{DB0060BE-2DC1-4CE4-8282-7583833388A4}.Ad-Hoc|ARM.Deploy.0 = Release|ARM
		{DB0060BE-2DC1-4CE4-8282-7583833388A4}.Ad-Hoc|iPhone.ActiveCfg = Release|Any CPU
		{DB0060BE-2DC1-4CE4-8282-7583833388A4}.Ad-Hoc|iPhone.Build.0 = Release|Any CPU
		{DB0060BE-2DC1-4CE4-8282-7583833388A4}.Ad-Hoc|iPhone.Deploy.0 = Release|Any CPU
		{DB0060BE-2DC1-4CE4-8282-7583833388A4}.Ad-Hoc|iPhoneSimulator.ActiveCfg = Release|Any CPU
		{DB0060BE-2DC1-4CE4-8282-7583833388A4}.Ad-Hoc|iPhoneSimulator.Build.0 = Release|Any CPU
		{DB0060BE-2DC1-4CE4-8282-7583833388A4}.Ad-Hoc|iPhoneSimulator.Deploy.0 = Release|Any CPU
		{DB0060BE-2DC1-4CE4-8282-7583833388A4}.Ad-Hoc|x64.ActiveCfg = Release|x64
		{DB0060BE-2DC1-4CE4-8282-7583833388A4}.Ad-Hoc|x64.Build.0 = Release|x64
		{DB0060BE-2DC1-4CE4-8282-7583833388A4}.Ad-Hoc|x64.Deploy.0 = Release|x64
		{DB0060BE-2DC1-4CE4-8282-7583833388A4}.Ad-Hoc|x86.ActiveCfg = Release|x86
		{DB0060BE-2DC1-4CE4-8282-7583833388A4}.Ad-Hoc|x86.Build.0 = Release|x86
		{DB0060BE-2DC1-4CE4-8282-7583833388A4}.Ad-Hoc|x86.Deploy.0 = Release|x86
		{DB0060BE-2DC1-4CE4-8282-7583833388A4}.AppStore|Any CPU.ActiveCfg = Release|Any CPU
		{DB0060BE-2DC1-4CE4-8282-7583833388A4}.AppStore|Any CPU.Build.0 = Release|Any CPU
		{DB0060BE-2DC1-4CE4-8282-7583833388A4}.AppStore|Any CPU.Deploy.0 = Release|Any CPU
		{DB0060BE-2DC1-4CE4-8282-7583833388A4}.AppStore|ARM.ActiveCfg = Release|ARM
		{DB0060BE-2DC1-4CE4-8282-7583833388A4}.AppStore|ARM.Build.0 = Release|ARM
		{DB0060BE-2DC1-4CE4-8282-7583833388A4}.AppStore|ARM.Deploy.0 = Release|ARM
		{DB0060BE-2DC1-4CE4-8282-7583833388A4}.AppStore|iPhone.ActiveCfg = Release|Any CPU
		{DB0060BE-2DC1-4CE4-8282-7583833388A4}.AppStore|iPhone.Build.0 = Release|Any CPU
		{DB0060BE-2DC1-4CE4-8282-7583833388A4}.AppStore|iPhone.Deploy.0 = Release|Any CPU
		{DB0060BE-2DC1-4CE4-8282-7583833388A4}.AppStore|iPhoneSimulator.ActiveCfg = Release|Any CPU
		{DB0060BE-2DC1-4CE4-8282-7583833388A4}.AppStore|iPhoneSimulator.Build.0 = Release|Any CPU
		{DB0060BE-2DC1-4CE4-8282-7583833388A4}.AppStore|iPhoneSimulator.Deploy.0 = Release|Any CPU
		{DB0060BE-2DC1-4CE4-8282-7583833388A4}.AppStore|x64.ActiveCfg = Release|x64
		{DB0060BE-2DC1-4CE4-8282-7583833388A4}.AppStore|x64.Build.0 = Release|x64
		{DB0060BE-2DC1-4CE4-8282-7583833388A4}.AppStore|x64.Deploy.0 = Release|x64
		{DB0060BE-2DC1-4CE4-8282-7583833388A4}.AppStore|x86.ActiveCfg = Release|x86
		{DB0060BE-2DC1-4CE4-8282-7583833388A4}.AppStore|x86.Build.0 = Release|x86
		{DB0060BE-2DC1-4CE4-8282-7583833388A4}.AppStore|x86.Deploy.0 = Release|x86
		{DB0060BE-2DC1-4CE4-8282-7583833388A4}.Debug|Any CPU.ActiveCfg = Debug|Any CPU
		{DB0060BE-2DC1-4CE4-8282-7583833388A4}.Debug|Any CPU.Build.0 = Debug|Any CPU
		{DB0060BE-2DC1-4CE4-8282-7583833388A4}.Debug|Any CPU.Deploy.0 = Debug|Any CPU
		{DB0060BE-2DC1-4CE4-8282-7583833388A4}.Debug|ARM.ActiveCfg = Debug|ARM
		{DB0060BE-2DC1-4CE4-8282-7583833388A4}.Debug|ARM.Build.0 = Debug|ARM
		{DB0060BE-2DC1-4CE4-8282-7583833388A4}.Debug|ARM.Deploy.0 = Debug|ARM
		{DB0060BE-2DC1-4CE4-8282-7583833388A4}.Debug|iPhone.ActiveCfg = Debug|Any CPU
		{DB0060BE-2DC1-4CE4-8282-7583833388A4}.Debug|iPhone.Build.0 = Debug|Any CPU
		{DB0060BE-2DC1-4CE4-8282-7583833388A4}.Debug|iPhone.Deploy.0 = Debug|Any CPU
		{DB0060BE-2DC1-4CE4-8282-7583833388A4}.Debug|iPhoneSimulator.ActiveCfg = Debug|Any CPU
		{DB0060BE-2DC1-4CE4-8282-7583833388A4}.Debug|iPhoneSimulator.Build.0 = Debug|Any CPU
		{DB0060BE-2DC1-4CE4-8282-7583833388A4}.Debug|iPhoneSimulator.Deploy.0 = Debug|Any CPU
		{DB0060BE-2DC1-4CE4-8282-7583833388A4}.Debug|x64.ActiveCfg = Debug|x64
		{DB0060BE-2DC1-4CE4-8282-7583833388A4}.Debug|x64.Build.0 = Debug|x64
		{DB0060BE-2DC1-4CE4-8282-7583833388A4}.Debug|x64.Deploy.0 = Debug|x64
		{DB0060BE-2DC1-4CE4-8282-7583833388A4}.Debug|x86.ActiveCfg = Debug|x86
		{DB0060BE-2DC1-4CE4-8282-7583833388A4}.Debug|x86.Build.0 = Debug|x86
		{DB0060BE-2DC1-4CE4-8282-7583833388A4}.Debug|x86.Deploy.0 = Debug|x86
		{DB0060BE-2DC1-4CE4-8282-7583833388A4}.Release|Any CPU.ActiveCfg = Release|Any CPU
		{DB0060BE-2DC1-4CE4-8282-7583833388A4}.Release|Any CPU.Build.0 = Release|Any CPU
		{DB0060BE-2DC1-4CE4-8282-7583833388A4}.Release|Any CPU.Deploy.0 = Release|Any CPU
		{DB0060BE-2DC1-4CE4-8282-7583833388A4}.Release|ARM.ActiveCfg = Release|ARM
		{DB0060BE-2DC1-4CE4-8282-7583833388A4}.Release|ARM.Build.0 = Release|ARM
		{DB0060BE-2DC1-4CE4-8282-7583833388A4}.Release|ARM.Deploy.0 = Release|ARM
		{DB0060BE-2DC1-4CE4-8282-7583833388A4}.Release|iPhone.ActiveCfg = Release|Any CPU
		{DB0060BE-2DC1-4CE4-8282-7583833388A4}.Release|iPhone.Build.0 = Release|Any CPU
		{DB0060BE-2DC1-4CE4-8282-7583833388A4}.Release|iPhone.Deploy.0 = Release|Any CPU
		{DB0060BE-2DC1-4CE4-8282-7583833388A4}.Release|iPhoneSimulator.ActiveCfg = Release|Any CPU
		{DB0060BE-2DC1-4CE4-8282-7583833388A4}.Release|iPhoneSimulator.Build.0 = Release|Any CPU
		{DB0060BE-2DC1-4CE4-8282-7583833388A4}.Release|iPhoneSimulator.Deploy.0 = Release|Any CPU
		{DB0060BE-2DC1-4CE4-8282-7583833388A4}.Release|x64.ActiveCfg = Release|x64
		{DB0060BE-2DC1-4CE4-8282-7583833388A4}.Release|x64.Build.0 = Release|x64
		{DB0060BE-2DC1-4CE4-8282-7583833388A4}.Release|x64.Deploy.0 = Release|x64
		{DB0060BE-2DC1-4CE4-8282-7583833388A4}.Release|x86.ActiveCfg = Release|x86
		{DB0060BE-2DC1-4CE4-8282-7583833388A4}.Release|x86.Build.0 = Release|x86
		{DB0060BE-2DC1-4CE4-8282-7583833388A4}.Release|x86.Deploy.0 = Release|x86
		{C3330097-8662-433F-BA10-768B19942D49}.Ad-Hoc|Any CPU.ActiveCfg = Release|Any CPU
		{C3330097-8662-433F-BA10-768B19942D49}.Ad-Hoc|Any CPU.Build.0 = Release|Any CPU
		{C3330097-8662-433F-BA10-768B19942D49}.Ad-Hoc|ARM.ActiveCfg = Release|Any CPU
		{C3330097-8662-433F-BA10-768B19942D49}.Ad-Hoc|ARM.Build.0 = Release|Any CPU
		{C3330097-8662-433F-BA10-768B19942D49}.Ad-Hoc|iPhone.ActiveCfg = Release|Any CPU
		{C3330097-8662-433F-BA10-768B19942D49}.Ad-Hoc|iPhone.Build.0 = Release|Any CPU
		{C3330097-8662-433F-BA10-768B19942D49}.Ad-Hoc|iPhoneSimulator.ActiveCfg = Release|Any CPU
		{C3330097-8662-433F-BA10-768B19942D49}.Ad-Hoc|iPhoneSimulator.Build.0 = Release|Any CPU
		{C3330097-8662-433F-BA10-768B19942D49}.Ad-Hoc|x64.ActiveCfg = Release|Any CPU
		{C3330097-8662-433F-BA10-768B19942D49}.Ad-Hoc|x64.Build.0 = Release|Any CPU
		{C3330097-8662-433F-BA10-768B19942D49}.Ad-Hoc|x86.ActiveCfg = Release|Any CPU
		{C3330097-8662-433F-BA10-768B19942D49}.Ad-Hoc|x86.Build.0 = Release|Any CPU
		{C3330097-8662-433F-BA10-768B19942D49}.AppStore|Any CPU.ActiveCfg = Release|Any CPU
		{C3330097-8662-433F-BA10-768B19942D49}.AppStore|Any CPU.Build.0 = Release|Any CPU
		{C3330097-8662-433F-BA10-768B19942D49}.AppStore|ARM.ActiveCfg = Release|Any CPU
		{C3330097-8662-433F-BA10-768B19942D49}.AppStore|ARM.Build.0 = Release|Any CPU
		{C3330097-8662-433F-BA10-768B19942D49}.AppStore|iPhone.ActiveCfg = Release|Any CPU
		{C3330097-8662-433F-BA10-768B19942D49}.AppStore|iPhone.Build.0 = Release|Any CPU
		{C3330097-8662-433F-BA10-768B19942D49}.AppStore|iPhoneSimulator.ActiveCfg = Release|Any CPU
		{C3330097-8662-433F-BA10-768B19942D49}.AppStore|iPhoneSimulator.Build.0 = Release|Any CPU
		{C3330097-8662-433F-BA10-768B19942D49}.AppStore|x64.ActiveCfg = Release|Any CPU
		{C3330097-8662-433F-BA10-768B19942D49}.AppStore|x64.Build.0 = Release|Any CPU
		{C3330097-8662-433F-BA10-768B19942D49}.AppStore|x86.ActiveCfg = Release|Any CPU
		{C3330097-8662-433F-BA10-768B19942D49}.AppStore|x86.Build.0 = Release|Any CPU
		{C3330097-8662-433F-BA10-768B19942D49}.Debug|Any CPU.ActiveCfg = Debug|Any CPU
		{C3330097-8662-433F-BA10-768B19942D49}.Debug|Any CPU.Build.0 = Debug|Any CPU
		{C3330097-8662-433F-BA10-768B19942D49}.Debug|ARM.ActiveCfg = Debug|Any CPU
		{C3330097-8662-433F-BA10-768B19942D49}.Debug|ARM.Build.0 = Debug|Any CPU
		{C3330097-8662-433F-BA10-768B19942D49}.Debug|iPhone.ActiveCfg = Debug|Any CPU
		{C3330097-8662-433F-BA10-768B19942D49}.Debug|iPhone.Build.0 = Debug|Any CPU
		{C3330097-8662-433F-BA10-768B19942D49}.Debug|iPhoneSimulator.ActiveCfg = Debug|Any CPU
		{C3330097-8662-433F-BA10-768B19942D49}.Debug|iPhoneSimulator.Build.0 = Debug|Any CPU
		{C3330097-8662-433F-BA10-768B19942D49}.Debug|x64.ActiveCfg = Debug|Any CPU
		{C3330097-8662-433F-BA10-768B19942D49}.Debug|x64.Build.0 = Debug|Any CPU
		{C3330097-8662-433F-BA10-768B19942D49}.Debug|x86.ActiveCfg = Debug|Any CPU
		{C3330097-8662-433F-BA10-768B19942D49}.Debug|x86.Build.0 = Debug|Any CPU
		{C3330097-8662-433F-BA10-768B19942D49}.Release|Any CPU.ActiveCfg = Release|Any CPU
		{C3330097-8662-433F-BA10-768B19942D49}.Release|Any CPU.Build.0 = Release|Any CPU
		{C3330097-8662-433F-BA10-768B19942D49}.Release|ARM.ActiveCfg = Release|Any CPU
		{C3330097-8662-433F-BA10-768B19942D49}.Release|ARM.Build.0 = Release|Any CPU
		{C3330097-8662-433F-BA10-768B19942D49}.Release|iPhone.ActiveCfg = Release|Any CPU
		{C3330097-8662-433F-BA10-768B19942D49}.Release|iPhone.Build.0 = Release|Any CPU
		{C3330097-8662-433F-BA10-768B19942D49}.Release|iPhoneSimulator.ActiveCfg = Release|Any CPU
		{C3330097-8662-433F-BA10-768B19942D49}.Release|iPhoneSimulator.Build.0 = Release|Any CPU
		{C3330097-8662-433F-BA10-768B19942D49}.Release|x64.ActiveCfg = Release|Any CPU
		{C3330097-8662-433F-BA10-768B19942D49}.Release|x64.Build.0 = Release|Any CPU
		{C3330097-8662-433F-BA10-768B19942D49}.Release|x86.ActiveCfg = Release|Any CPU
		{C3330097-8662-433F-BA10-768B19942D49}.Release|x86.Build.0 = Release|Any CPU
	EndGlobalSection
	GlobalSection(SolutionProperties) = preSolution
		HideSolutionNode = FALSE
	EndGlobalSection
EndGlobal
